// !$*UTF8*$!
{
	archiveVersion = 1;
	classes = {
	};
	objectVersion = 46;
	objects = {

/* Begin PBXBuildFile section */
		6F3F9879C61CD09C61B242AF /* libPods-thirdEye.a in Frameworks */ = {isa = PBXBuildFile; fileRef = C8D936EA7181B07BC95B76D7 /* libPods-thirdEye.a */; };
		865A074F1C17614D006C5E10 /* main.m in Sources */ = {isa = PBXBuildFile; fileRef = 865A074E1C17614D006C5E10 /* main.m */; };
		865A07521C17614D006C5E10 /* AppDelegate.m in Sources */ = {isa = PBXBuildFile; fileRef = 865A07511C17614D006C5E10 /* AppDelegate.m */; };
		865A07551C17614D006C5E10 /* ViewController.m in Sources */ = {isa = PBXBuildFile; fileRef = 865A07541C17614D006C5E10 /* ViewController.m */; };
		865A07581C17614D006C5E10 /* Main.storyboard in Resources */ = {isa = PBXBuildFile; fileRef = 865A07561C17614D006C5E10 /* Main.storyboard */; };
		865A075A1C17614D006C5E10 /* Assets.xcassets in Resources */ = {isa = PBXBuildFile; fileRef = 865A07591C17614D006C5E10 /* Assets.xcassets */; };
		865A075D1C17614D006C5E10 /* LaunchScreen.storyboard in Resources */ = {isa = PBXBuildFile; fileRef = 865A075B1C17614D006C5E10 /* LaunchScreen.storyboard */; };
		865A07681C17614D006C5E10 /* thirdEyeTests.m in Sources */ = {isa = PBXBuildFile; fileRef = 865A07671C17614D006C5E10 /* thirdEyeTests.m */; };
		865A07731C17614D006C5E10 /* thirdEyeUITests.m in Sources */ = {isa = PBXBuildFile; fileRef = 865A07721C17614D006C5E10 /* thirdEyeUITests.m */; };
/* End PBXBuildFile section */

/* Begin PBXContainerItemProxy section */
		865A07641C17614D006C5E10 /* PBXContainerItemProxy */ = {
			isa = PBXContainerItemProxy;
			containerPortal = 865A07421C17614D006C5E10 /* Project object */;
			proxyType = 1;
			remoteGlobalIDString = 865A07491C17614D006C5E10;
			remoteInfo = thirdEye;
		};
		865A076F1C17614D006C5E10 /* PBXContainerItemProxy */ = {
			isa = PBXContainerItemProxy;
			containerPortal = 865A07421C17614D006C5E10 /* Project object */;
			proxyType = 1;
			remoteGlobalIDString = 865A07491C17614D006C5E10;
			remoteInfo = thirdEye;
		};
/* End PBXContainerItemProxy section */

/* Begin PBXFileReference section */
		0C4B1CFDE6DED7365B4D5EC7 /* Pods-thirdEye.release.xcconfig */ = {isa = PBXFileReference; includeInIndex = 1; lastKnownFileType = text.xcconfig; name = "Pods-thirdEye.release.xcconfig"; path = "Pods/Target Support Files/Pods-thirdEye/Pods-thirdEye.release.xcconfig"; sourceTree = "<group>"; };
		860F83211C17E0E0008C879D /* ip.h */ = {isa = PBXFileReference; fileEncoding = 4; lastKnownFileType = sourcecode.c.h; path = ip.h; sourceTree = "<group>"; };
		865A074A1C17614D006C5E10 /* thirdEye.app */ = {isa = PBXFileReference; explicitFileType = wrapper.application; includeInIndex = 0; path = thirdEye.app; sourceTree = BUILT_PRODUCTS_DIR; };
		865A074E1C17614D006C5E10 /* main.m */ = {isa = PBXFileReference; lastKnownFileType = sourcecode.c.objc; path = main.m; sourceTree = "<group>"; };
		865A07501C17614D006C5E10 /* AppDelegate.h */ = {isa = PBXFileReference; lastKnownFileType = sourcecode.c.h; path = AppDelegate.h; sourceTree = "<group>"; };
		865A07511C17614D006C5E10 /* AppDelegate.m */ = {isa = PBXFileReference; lastKnownFileType = sourcecode.c.objc; path = AppDelegate.m; sourceTree = "<group>"; };
		865A07531C17614D006C5E10 /* ViewController.h */ = {isa = PBXFileReference; lastKnownFileType = sourcecode.c.h; path = ViewController.h; sourceTree = "<group>"; };
		865A07541C17614D006C5E10 /* ViewController.m */ = {isa = PBXFileReference; lastKnownFileType = sourcecode.c.objc; path = ViewController.m; sourceTree = "<group>"; };
		865A07571C17614D006C5E10 /* Base */ = {isa = PBXFileReference; lastKnownFileType = file.storyboard; name = Base; path = Base.lproj/Main.storyboard; sourceTree = "<group>"; };
		865A07591C17614D006C5E10 /* Assets.xcassets */ = {isa = PBXFileReference; lastKnownFileType = folder.assetcatalog; path = Assets.xcassets; sourceTree = "<group>"; };
		865A075C1C17614D006C5E10 /* Base */ = {isa = PBXFileReference; lastKnownFileType = file.storyboard; name = Base; path = Base.lproj/LaunchScreen.storyboard; sourceTree = "<group>"; };
		865A075E1C17614D006C5E10 /* Info.plist */ = {isa = PBXFileReference; lastKnownFileType = text.plist.xml; path = Info.plist; sourceTree = "<group>"; };
		865A07631C17614D006C5E10 /* thirdEyeTests.xctest */ = {isa = PBXFileReference; explicitFileType = wrapper.cfbundle; includeInIndex = 0; path = thirdEyeTests.xctest; sourceTree = BUILT_PRODUCTS_DIR; };
		865A07671C17614D006C5E10 /* thirdEyeTests.m */ = {isa = PBXFileReference; lastKnownFileType = sourcecode.c.objc; path = thirdEyeTests.m; sourceTree = "<group>"; };
		865A07691C17614D006C5E10 /* Info.plist */ = {isa = PBXFileReference; lastKnownFileType = text.plist.xml; path = Info.plist; sourceTree = "<group>"; };
		865A076E1C17614D006C5E10 /* thirdEyeUITests.xctest */ = {isa = PBXFileReference; explicitFileType = wrapper.cfbundle; includeInIndex = 0; path = thirdEyeUITests.xctest; sourceTree = BUILT_PRODUCTS_DIR; };
		865A07721C17614D006C5E10 /* thirdEyeUITests.m */ = {isa = PBXFileReference; lastKnownFileType = sourcecode.c.objc; path = thirdEyeUITests.m; sourceTree = "<group>"; };
		865A07741C17614D006C5E10 /* Info.plist */ = {isa = PBXFileReference; lastKnownFileType = text.plist.xml; path = Info.plist; sourceTree = "<group>"; };
		C8D936EA7181B07BC95B76D7 /* libPods-thirdEye.a */ = {isa = PBXFileReference; explicitFileType = archive.ar; includeInIndex = 0; path = "libPods-thirdEye.a"; sourceTree = BUILT_PRODUCTS_DIR; };
		E4D2B6DFD7297CC2314EFD43 /* Pods-thirdEye.debug.xcconfig */ = {isa = PBXFileReference; includeInIndex = 1; lastKnownFileType = text.xcconfig; name = "Pods-thirdEye.debug.xcconfig"; path = "Pods/Target Support Files/Pods-thirdEye/Pods-thirdEye.debug.xcconfig"; sourceTree = "<group>"; };
/* End PBXFileReference section */

/* Begin PBXFrameworksBuildPhase section */
		865A07471C17614D006C5E10 /* Frameworks */ = {
			isa = PBXFrameworksBuildPhase;
			buildActionMask = 2147483647;
			files = (
				6F3F9879C61CD09C61B242AF /* libPods-thirdEye.a in Frameworks */,
			);
			runOnlyForDeploymentPostprocessing = 0;
		};
		865A07601C17614D006C5E10 /* Frameworks */ = {
			isa = PBXFrameworksBuildPhase;
			buildActionMask = 2147483647;
			files = (
			);
			runOnlyForDeploymentPostprocessing = 0;
		};
		865A076B1C17614D006C5E10 /* Frameworks */ = {
			isa = PBXFrameworksBuildPhase;
			buildActionMask = 2147483647;
			files = (
			);
			runOnlyForDeploymentPostprocessing = 0;
		};
/* End PBXFrameworksBuildPhase section */

/* Begin PBXGroup section */
		7A2398A1B8752121D32B91F1 /* Pods */ = {
			isa = PBXGroup;
			children = (
				E4D2B6DFD7297CC2314EFD43 /* Pods-thirdEye.debug.xcconfig */,
				0C4B1CFDE6DED7365B4D5EC7 /* Pods-thirdEye.release.xcconfig */,
			);
			name = Pods;
			sourceTree = "<group>";
		};
		865A07411C17614D006C5E10 = {
			isa = PBXGroup;
			children = (
				865A074C1C17614D006C5E10 /* thirdEye */,
				865A07661C17614D006C5E10 /* thirdEyeTests */,
				865A07711C17614D006C5E10 /* thirdEyeUITests */,
				865A074B1C17614D006C5E10 /* Products */,
				7A2398A1B8752121D32B91F1 /* Pods */,
				A65D3F00B34D7E68BD558AE2 /* Frameworks */,
			);
			sourceTree = "<group>";
		};
		865A074B1C17614D006C5E10 /* Products */ = {
			isa = PBXGroup;
			children = (
				865A074A1C17614D006C5E10 /* thirdEye.app */,
				865A07631C17614D006C5E10 /* thirdEyeTests.xctest */,
				865A076E1C17614D006C5E10 /* thirdEyeUITests.xctest */,
			);
			name = Products;
			sourceTree = "<group>";
		};
		865A074C1C17614D006C5E10 /* thirdEye */ = {
			isa = PBXGroup;
			children = (
				860F83211C17E0E0008C879D /* ip.h */,
				865A07501C17614D006C5E10 /* AppDelegate.h */,
				865A07511C17614D006C5E10 /* AppDelegate.m */,
				865A07531C17614D006C5E10 /* ViewController.h */,
				865A07541C17614D006C5E10 /* ViewController.m */,
				865A07561C17614D006C5E10 /* Main.storyboard */,
				865A07591C17614D006C5E10 /* Assets.xcassets */,
				865A075B1C17614D006C5E10 /* LaunchScreen.storyboard */,
				865A075E1C17614D006C5E10 /* Info.plist */,
				865A074D1C17614D006C5E10 /* Supporting Files */,
			);
			path = thirdEye;
			sourceTree = "<group>";
		};
		865A074D1C17614D006C5E10 /* Supporting Files */ = {
			isa = PBXGroup;
			children = (
				865A074E1C17614D006C5E10 /* main.m */,
			);
			name = "Supporting Files";
			sourceTree = "<group>";
		};
		865A07661C17614D006C5E10 /* thirdEyeTests */ = {
			isa = PBXGroup;
			children = (
				865A07671C17614D006C5E10 /* thirdEyeTests.m */,
				865A07691C17614D006C5E10 /* Info.plist */,
			);
			path = thirdEyeTests;
			sourceTree = "<group>";
		};
		865A07711C17614D006C5E10 /* thirdEyeUITests */ = {
			isa = PBXGroup;
			children = (
				865A07721C17614D006C5E10 /* thirdEyeUITests.m */,
				865A07741C17614D006C5E10 /* Info.plist */,
			);
			path = thirdEyeUITests;
			sourceTree = "<group>";
		};
		A65D3F00B34D7E68BD558AE2 /* Frameworks */ = {
			isa = PBXGroup;
			children = (
				C8D936EA7181B07BC95B76D7 /* libPods-thirdEye.a */,
			);
			name = Frameworks;
			sourceTree = "<group>";
		};
/* End PBXGroup section */

/* Begin PBXNativeTarget section */
		865A07491C17614D006C5E10 /* thirdEye */ = {
			isa = PBXNativeTarget;
			buildConfigurationList = 865A07771C17614D006C5E10 /* Build configuration list for PBXNativeTarget "thirdEye" */;
			buildPhases = (
				54247F5E4D97E224888FC7E4 /* Check Pods Manifest.lock */,
				865A07461C17614D006C5E10 /* Sources */,
				865A07471C17614D006C5E10 /* Frameworks */,
				865A07481C17614D006C5E10 /* Resources */,
				0507A121D98434638EE4AD72 /* Embed Pods Frameworks */,
				5E100B639F85A54E15DE529F /* Copy Pods Resources */,
			);
			buildRules = (
			);
			dependencies = (
			);
			name = thirdEye;
			productName = thirdEye;
			productReference = 865A074A1C17614D006C5E10 /* thirdEye.app */;
			productType = "com.apple.product-type.application";
		};
		865A07621C17614D006C5E10 /* thirdEyeTests */ = {
			isa = PBXNativeTarget;
			buildConfigurationList = 865A077A1C17614D006C5E10 /* Build configuration list for PBXNativeTarget "thirdEyeTests" */;
			buildPhases = (
				865A075F1C17614D006C5E10 /* Sources */,
				865A07601C17614D006C5E10 /* Frameworks */,
				865A07611C17614D006C5E10 /* Resources */,
			);
			buildRules = (
			);
			dependencies = (
				865A07651C17614D006C5E10 /* PBXTargetDependency */,
			);
			name = thirdEyeTests;
			productName = thirdEyeTests;
			productReference = 865A07631C17614D006C5E10 /* thirdEyeTests.xctest */;
			productType = "com.apple.product-type.bundle.unit-test";
		};
		865A076D1C17614D006C5E10 /* thirdEyeUITests */ = {
			isa = PBXNativeTarget;
			buildConfigurationList = 865A077D1C17614D006C5E10 /* Build configuration list for PBXNativeTarget "thirdEyeUITests" */;
			buildPhases = (
				865A076A1C17614D006C5E10 /* Sources */,
				865A076B1C17614D006C5E10 /* Frameworks */,
				865A076C1C17614D006C5E10 /* Resources */,
			);
			buildRules = (
			);
			dependencies = (
				865A07701C17614D006C5E10 /* PBXTargetDependency */,
			);
			name = thirdEyeUITests;
			productName = thirdEyeUITests;
			productReference = 865A076E1C17614D006C5E10 /* thirdEyeUITests.xctest */;
			productType = "com.apple.product-type.bundle.ui-testing";
		};
/* End PBXNativeTarget section */

/* Begin PBXProject section */
		865A07421C17614D006C5E10 /* Project object */ = {
			isa = PBXProject;
			attributes = {
				LastUpgradeCheck = 0710;
				ORGANIZATIONNAME = "Jon Como";
				TargetAttributes = {
					865A07491C17614D006C5E10 = {
						CreatedOnToolsVersion = 7.1.1;
					};
					865A07621C17614D006C5E10 = {
						CreatedOnToolsVersion = 7.1.1;
						TestTargetID = 865A07491C17614D006C5E10;
					};
					865A076D1C17614D006C5E10 = {
						CreatedOnToolsVersion = 7.1.1;
						TestTargetID = 865A07491C17614D006C5E10;
					};
				};
			};
			buildConfigurationList = 865A07451C17614D006C5E10 /* Build configuration list for PBXProject "thirdEye" */;
			compatibilityVersion = "Xcode 3.2";
			developmentRegion = English;
			hasScannedForEncodings = 0;
			knownRegions = (
				en,
				Base,
			);
			mainGroup = 865A07411C17614D006C5E10;
			productRefGroup = 865A074B1C17614D006C5E10 /* Products */;
			projectDirPath = "";
			projectRoot = "";
			targets = (
				865A07491C17614D006C5E10 /* thirdEye */,
				865A07621C17614D006C5E10 /* thirdEyeTests */,
				865A076D1C17614D006C5E10 /* thirdEyeUITests */,
			);
		};
/* End PBXProject section */

/* Begin PBXResourcesBuildPhase section */
		865A07481C17614D006C5E10 /* Resources */ = {
			isa = PBXResourcesBuildPhase;
			buildActionMask = 2147483647;
			files = (
				865A075D1C17614D006C5E10 /* LaunchScreen.storyboard in Resources */,
				865A075A1C17614D006C5E10 /* Assets.xcassets in Resources */,
				865A07581C17614D006C5E10 /* Main.storyboard in Resources */,
			);
			runOnlyForDeploymentPostprocessing = 0;
		};
		865A07611C17614D006C5E10 /* Resources */ = {
			isa = PBXResourcesBuildPhase;
			buildActionMask = 2147483647;
			files = (
			);
			runOnlyForDeploymentPostprocessing = 0;
		};
		865A076C1C17614D006C5E10 /* Resources */ = {
			isa = PBXResourcesBuildPhase;
			buildActionMask = 2147483647;
			files = (
			);
			runOnlyForDeploymentPostprocessing = 0;
		};
/* End PBXResourcesBuildPhase section */

/* Begin PBXShellScriptBuildPhase section */
		0507A121D98434638EE4AD72 /* Embed Pods Frameworks */ = {
			isa = PBXShellScriptBuildPhase;
			buildActionMask = 2147483647;
			files = (
			);
			inputPaths = (
			);
			name = "Embed Pods Frameworks";
			outputPaths = (
			);
			runOnlyForDeploymentPostprocessing = 0;
			shellPath = /bin/sh;
			shellScript = "\"${SRCROOT}/Pods/Target Support Files/Pods-thirdEye/Pods-thirdEye-frameworks.sh\"\n";
			showEnvVarsInLog = 0;
		};
		54247F5E4D97E224888FC7E4 /* Check Pods Manifest.lock */ = {
			isa = PBXShellScriptBuildPhase;
			buildActionMask = 2147483647;
			files = (
			);
			inputPaths = (
			);
			name = "Check Pods Manifest.lock";
			outputPaths = (
			);
			runOnlyForDeploymentPostprocessing = 0;
			shellPath = /bin/sh;
			shellScript = "diff \"${PODS_ROOT}/../Podfile.lock\" \"${PODS_ROOT}/Manifest.lock\" > /dev/null\nif [[ $? != 0 ]] ; then\n    cat << EOM\nerror: The sandbox is not in sync with the Podfile.lock. Run 'pod install' or update your CocoaPods installation.\nEOM\n    exit 1\nfi\n";
			showEnvVarsInLog = 0;
		};
		5E100B639F85A54E15DE529F /* Copy Pods Resources */ = {
			isa = PBXShellScriptBuildPhase;
			buildActionMask = 2147483647;
			files = (
			);
			inputPaths = (
			);
			name = "Copy Pods Resources";
			outputPaths = (
			);
			runOnlyForDeploymentPostprocessing = 0;
			shellPath = /bin/sh;
			shellScript = "\"${SRCROOT}/Pods/Target Support Files/Pods-thirdEye/Pods-thirdEye-resources.sh\"\n";
			showEnvVarsInLog = 0;
		};
/* End PBXShellScriptBuildPhase section */

/* Begin PBXSourcesBuildPhase section */
		865A07461C17614D006C5E10 /* Sources */ = {
			isa = PBXSourcesBuildPhase;
			buildActionMask = 2147483647;
			files = (
				865A07551C17614D006C5E10 /* ViewController.m in Sources */,
				865A07521C17614D006C5E10 /* AppDelegate.m in Sources */,
				865A074F1C17614D006C5E10 /* main.m in Sources */,
			);
			runOnlyForDeploymentPostprocessing = 0;
		};
		865A075F1C17614D006C5E10 /* Sources */ = {
			isa = PBXSourcesBuildPhase;
			buildActionMask = 2147483647;
			files = (
				865A07681C17614D006C5E10 /* thirdEyeTests.m in Sources */,
			);
			runOnlyForDeploymentPostprocessing = 0;
		};
		865A076A1C17614D006C5E10 /* Sources */ = {
			isa = PBXSourcesBuildPhase;
			buildActionMask = 2147483647;
			files = (
				865A07731C17614D006C5E10 /* thirdEyeUITests.m in Sources */,
			);
			runOnlyForDeploymentPostprocessing = 0;
		};
/* End PBXSourcesBuildPhase section */

/* Begin PBXTargetDependency section */
		865A07651C17614D006C5E10 /* PBXTargetDependency */ = {
			isa = PBXTargetDependency;
			target = 865A07491C17614D006C5E10 /* thirdEye */;
			targetProxy = 865A07641C17614D006C5E10 /* PBXContainerItemProxy */;
		};
		865A07701C17614D006C5E10 /* PBXTargetDependency */ = {
			isa = PBXTargetDependency;
			target = 865A07491C17614D006C5E10 /* thirdEye */;
			targetProxy = 865A076F1C17614D006C5E10 /* PBXContainerItemProxy */;
		};
/* End PBXTargetDependency section */

/* Begin PBXVariantGroup section */
		865A07561C17614D006C5E10 /* Main.storyboard */ = {
			isa = PBXVariantGroup;
			children = (
				865A07571C17614D006C5E10 /* Base */,
			);
			name = Main.storyboard;
			sourceTree = "<group>";
		};
		865A075B1C17614D006C5E10 /* LaunchScreen.storyboard */ = {
			isa = PBXVariantGroup;
			children = (
				865A075C1C17614D006C5E10 /* Base */,
			);
			name = LaunchScreen.storyboard;
			sourceTree = "<group>";
		};
/* End PBXVariantGroup section */

/* Begin XCBuildConfiguration section */
		865A07751C17614D006C5E10 /* Debug */ = {
			isa = XCBuildConfiguration;
			buildSettings = {
				ALWAYS_SEARCH_USER_PATHS = NO;
				CLANG_CXX_LANGUAGE_STANDARD = "gnu++0x";
				CLANG_CXX_LIBRARY = "libc++";
				CLANG_ENABLE_MODULES = YES;
				CLANG_ENABLE_OBJC_ARC = YES;
				CLANG_WARN_BOOL_CONVERSION = YES;
				CLANG_WARN_CONSTANT_CONVERSION = YES;
				CLANG_WARN_DIRECT_OBJC_ISA_USAGE = YES_ERROR;
				CLANG_WARN_EMPTY_BODY = YES;
				CLANG_WARN_ENUM_CONVERSION = YES;
				CLANG_WARN_INT_CONVERSION = YES;
				CLANG_WARN_OBJC_ROOT_CLASS = YES_ERROR;
				CLANG_WARN_UNREACHABLE_CODE = YES;
				CLANG_WARN__DUPLICATE_METHOD_MATCH = YES;
				"CODE_SIGN_IDENTITY[sdk=iphoneos*]" = "iPhone Developer";
				COPY_PHASE_STRIP = NO;
				DEBUG_INFORMATION_FORMAT = dwarf;
				ENABLE_STRICT_OBJC_MSGSEND = YES;
				ENABLE_TESTABILITY = YES;
				GCC_C_LANGUAGE_STANDARD = gnu99;
				GCC_DYNAMIC_NO_PIC = NO;
				GCC_NO_COMMON_BLOCKS = YES;
				GCC_OPTIMIZATION_LEVEL = 0;
				GCC_PREPROCESSOR_DEFINITIONS = (
					"DEBUG=1",
					"$(inherited)",
				);
				GCC_WARN_64_TO_32_BIT_CONVERSION = YES;
				GCC_WARN_ABOUT_RETURN_TYPE = YES_ERROR;
				GCC_WARN_UNDECLARED_SELECTOR = YES;
				GCC_WARN_UNINITIALIZED_AUTOS = YES_AGGRESSIVE;
				GCC_WARN_UNUSED_FUNCTION = YES;
				GCC_WARN_UNUSED_VARIABLE = YES;
				IPHONEOS_DEPLOYMENT_TARGET = 9.1;
				MTL_ENABLE_DEBUG_INFO = YES;
				ONLY_ACTIVE_ARCH = YES;
				SDKROOT = iphoneos;
			};
			name = Debug;
		};
		865A07761C17614D006C5E10 /* Release */ = {
			isa = XCBuildConfiguration;
			buildSettings = {
				ALWAYS_SEARCH_USER_PATHS = NO;
				CLANG_CXX_LANGUAGE_STANDARD = "gnu++0x";
				CLANG_CXX_LIBRARY = "libc++";
				CLANG_ENABLE_MODULES = YES;
				CLANG_ENABLE_OBJC_ARC = YES;
				CLANG_WARN_BOOL_CONVERSION = YES;
				CLANG_WARN_CONSTANT_CONVERSION = YES;
				CLANG_WARN_DIRECT_OBJC_ISA_USAGE = YES_ERROR;
				CLANG_WARN_EMPTY_BODY = YES;
				CLANG_WARN_ENUM_CONVERSION = YES;
				CLANG_WARN_INT_CONVERSION = YES;
				CLANG_WARN_OBJC_ROOT_CLASS = YES_ERROR;
				CLANG_WARN_UNREACHABLE_CODE = YES;
				CLANG_WARN__DUPLICATE_METHOD_MATCH = YES;
				"CODE_SIGN_IDENTITY[sdk=iphoneos*]" = "iPhone Developer";
				COPY_PHASE_STRIP = NO;
				DEBUG_INFORMATION_FORMAT = "dwarf-with-dsym";
				ENABLE_NS_ASSERTIONS = NO;
				ENABLE_STRICT_OBJC_MSGSEND = YES;
				GCC_C_LANGUAGE_STANDARD = gnu99;
				GCC_NO_COMMON_BLOCKS = YES;
				GCC_WARN_64_TO_32_BIT_CONVERSION = YES;
				GCC_WARN_ABOUT_RETURN_TYPE = YES_ERROR;
				GCC_WARN_UNDECLARED_SELECTOR = YES;
				GCC_WARN_UNINITIALIZED_AUTOS = YES_AGGRESSIVE;
				GCC_WARN_UNUSED_FUNCTION = YES;
				GCC_WARN_UNUSED_VARIABLE = YES;
				IPHONEOS_DEPLOYMENT_TARGET = 9.1;
				MTL_ENABLE_DEBUG_INFO = NO;
				SDKROOT = iphoneos;
				VALIDATE_PRODUCT = YES;
			};
			name = Release;
		};
		865A07781C17614D006C5E10 /* Debug */ = {
			isa = XCBuildConfiguration;
			baseConfigurationReference = E4D2B6DFD7297CC2314EFD43 /* Pods-thirdEye.debug.xcconfig */;
			buildSettings = {
				ASSETCATALOG_COMPILER_APPICON_NAME = "AppIcon-1";
				INFOPLIST_FILE = thirdEye/Info.plist;
				LD_RUNPATH_SEARCH_PATHS = "$(inherited) @executable_path/Frameworks";
				PRODUCT_BUNDLE_IDENTIFIER = com.joncomo.thirdEye;
				PRODUCT_NAME = "$(TARGET_NAME)";
			};
			name = Debug;
		};
		865A07791C17614D006C5E10 /* Release */ = {
			isa = XCBuildConfiguration;
			baseConfigurationReference = 0C4B1CFDE6DED7365B4D5EC7 /* Pods-thirdEye.release.xcconfig */;
			buildSettings = {
				ASSETCATALOG_COMPILER_APPICON_NAME = "AppIcon-1";
				INFOPLIST_FILE = thirdEye/Info.plist;
				LD_RUNPATH_SEARCH_PATHS = "$(inherited) @executable_path/Frameworks";
				PRODUCT_BUNDLE_IDENTIFIER = com.joncomo.thirdEye;
				PRODUCT_NAME = "$(TARGET_NAME)";
			};
			name = Release;
		};
		865A077B1C17614D006C5E10 /* Debug */ = {
			isa = XCBuildConfiguration;
			buildSettings = {
				BUNDLE_LOADER = "$(TEST_HOST)";
				INFOPLIST_FILE = thirdEyeTests/Info.plist;
				LD_RUNPATH_SEARCH_PATHS = "$(inherited) @executable_path/Frameworks @loader_path/Frameworks";
				PRODUCT_BUNDLE_IDENTIFIER = com.joncomo.thirdEyeTests;
				PRODUCT_NAME = "$(TARGET_NAME)";
				TEST_HOST = "$(BUILT_PRODUCTS_DIR)/thirdEye.app/thirdEye";
			};
			name = Debug;
		};
		865A077C1C17614D006C5E10 /* Release */ = {
			isa = XCBuildConfiguration;
			buildSettings = {
				BUNDLE_LOADER = "$(TEST_HOST)";
				INFOPLIST_FILE = thirdEyeTests/Info.plist;
				LD_RUNPATH_SEARCH_PATHS = "$(inherited) @executable_path/Frameworks @loader_path/Frameworks";
				PRODUCT_BUNDLE_IDENTIFIER = com.joncomo.thirdEyeTests;
				PRODUCT_NAME = "$(TARGET_NAME)";
				TEST_HOST = "$(BUILT_PRODUCTS_DIR)/thirdEye.app/thirdEye";
			};
			name = Release;
		};
		865A077E1C17614D006C5E10 /* Debug */ = {
			isa = XCBuildConfiguration;
			buildSettings = {
				INFOPLIST_FILE = thirdEyeUITests/Info.plist;
				LD_RUNPATH_SEARCH_PATHS = "$(inherited) @executable_path/Frameworks @loader_path/Frameworks";
				PRODUCT_BUNDLE_IDENTIFIER = com.joncomo.thirdEyeUITests;
				PRODUCT_NAME = "$(TARGET_NAME)";
				TEST_TARGET_NAME = thirdEye;
				USES_XCTRUNNER = YES;
			};
			name = Debug;
		};
		865A077F1C17614D006C5E10 /* Release */ = {
			isa = XCBuildConfiguration;
			buildSettings = {
				INFOPLIST_FILE = thirdEyeUITests/Info.plist;
				LD_RUNPATH_SEARCH_PATHS = "$(inherited) @executable_path/Frameworks @loader_path/Frameworks";
				PRODUCT_BUNDLE_IDENTIFIER = com.joncomo.thirdEyeUITests;
				PRODUCT_NAME = "$(TARGET_NAME)";
				TEST_TARGET_NAME = thirdEye;
				USES_XCTRUNNER = YES;
			};
			name = Release;
		};
/* End XCBuildConfiguration section */

/* Begin XCConfigurationList section */
		865A07451C17614D006C5E10 /* Build configuration list for PBXProject "thirdEye" */ = {
			isa = XCConfigurationList;
			buildConfigurations = (
				865A07751C17614D006C5E10 /* Debug */,
				865A07761C17614D006C5E10 /* Release */,
			);
			defaultConfigurationIsVisible = 0;
			defaultConfigurationName = Release;
		};
		865A07771C17614D006C5E10 /* Build configuration list for PBXNativeTarget "thirdEye" */ = {
			isa = XCConfigurationList;
			buildConfigurations = (
				865A07781C17614D006C5E10 /* Debug */,
				865A07791C17614D006C5E10 /* Release */,
			);
			defaultConfigurationIsVisible = 0;
			defaultConfigurationName = Release;
		};
		865A077A1C17614D006C5E10 /* Build configuration list for PBXNativeTarget "thirdEyeTests" */ = {
			isa = XCConfigurationList;
			buildConfigurations = (
				865A077B1C17614D006C5E10 /* Debug */,
				865A077C1C17614D006C5E10 /* Release */,
			);
			defaultConfigurationIsVisible = 0;
			defaultConfigurationName = Release;
		};
		865A077D1C17614D006C5E10 /* Build configuration list for PBXNativeTarget "thirdEyeUITests" */ = {
			isa = XCConfigurationList;
			buildConfigurations = (
				865A077E1C17614D006C5E10 /* Debug */,
				865A077F1C17614D006C5E10 /* Release */,
			);
			defaultConfigurationIsVisible = 0;
			defaultConfigurationName = Release;
		};
/* End XCConfigurationList section */
	};
	rootObject = 865A07421C17614D006C5E10 /* Project object */;
}
